
Microsoft Visual Studio Solution File, Format Version 12.00
# Visual Studio 2013
VisualStudioVersion = 12.0.21005.1
MinimumVisualStudioVersion = 10.0.40219.1
Project("{FAE04EC0-301F-11D3-BF4B-00C04F79EFBC}") = "SSAssign2", "SSAssign2\SSAssign2.csproj", "{444A2CFB-7D0A-4D45-8F76-6673BCE1BFB8}"
EndProject
Project("{FAE04EC0-301F-11D3-BF4B-00C04F79EFBC}") = "SSAssign2.Tests", "SSAssign2.Tests\SSAssign2.Tests.csproj", "{F2EDE486-533D-49F9-9B25-AFCA09BC98A5}"
EndProject
Global
	GlobalSection(SolutionConfigurationPlatforms) = preSolution
		Debug|Any CPU = Debug|Any CPU
		Release|Any CPU = Release|Any CPU
	EndGlobalSection
	GlobalSection(ProjectConfigurationPlatforms) = postSolution
		{444A2CFB-7D0A-4D45-8F76-6673BCE1BFB8}.Debug|Any CPU.ActiveCfg = Debug|Any CPU
		{444A2CFB-7D0A-4D45-8F76-6673BCE1BFB8}.Debug|Any CPU.Build.0 = Debug|Any CPU
		{444A2CFB-7D0A-4D45-8F76-6673BCE1BFB8}.Release|Any CPU.ActiveCfg = Release|Any CPU
		{444A2CFB-7D0A-4D45-8F76-6673BCE1BFB8}.Release|Any CPU.Build.0 = Release|Any CPU
		{F2EDE486-533D-49F9-9B25-AFCA09BC98A5}.Debug|Any CPU.ActiveCfg = Debug|Any CPU
		{F2EDE486-533D-49F9-9B25-AFCA09BC98A5}.Debug|Any CPU.Build.0 = Debug|Any CPU
		{F2EDE486-533D-49F9-9B25-AFCA09BC98A5}.Release|Any CPU.ActiveCfg = Release|Any CPU
		{F2EDE486-533D-49F9-9B25-AFCA09BC98A5}.Release|Any CPU.Build.0 = Release|Any CPU
	EndGlobalSection
	GlobalSection(SolutionProperties) = preSolution
		HideSolutionNode = FALSE
	EndGlobalSection
EndGlobal
